// !$*UTF8*$!
{
	archiveVersion = 1;
	classes = {
	};
	objectVersion = 48;
	objects = {

/* Begin PBXBuildFile section */
		830506431FF4BC9A00228CAD /* CarTableViewCell.swift in Sources */ = {isa = PBXBuildFile; fileRef = 830506421FF4BC9A00228CAD /* CarTableViewCell.swift */; };
		836B591F1FF362E700511F0E /* AppDelegate.swift in Sources */ = {isa = PBXBuildFile; fileRef = 836B591E1FF362E700511F0E /* AppDelegate.swift */; };
		836B59241FF362E700511F0E /* FaveCars.storyboard in Resources */ = {isa = PBXBuildFile; fileRef = 836B59221FF362E700511F0E /* FaveCars.storyboard */; };
		836B59261FF362E700511F0E /* Assets.xcassets in Resources */ = {isa = PBXBuildFile; fileRef = 836B59251FF362E700511F0E /* Assets.xcassets */; };
		836B59291FF362E700511F0E /* LaunchScreen.storyboard in Resources */ = {isa = PBXBuildFile; fileRef = 836B59271FF362E700511F0E /* LaunchScreen.storyboard */; };
		836B59311FF36A9600511F0E /* CarTableViewController.swift in Sources */ = {isa = PBXBuildFile; fileRef = 836B59301FF36A9600511F0E /* CarTableViewController.swift */; };
		836B59331FF36CA500511F0E /* AddCarViewController.swift in Sources */ = {isa = PBXBuildFile; fileRef = 836B59321FF36CA500511F0E /* AddCarViewController.swift */; };
/* End PBXBuildFile section */

/* Begin PBXFileReference section */
		830506421FF4BC9A00228CAD /* CarTableViewCell.swift */ = {isa = PBXFileReference; lastKnownFileType = sourcecode.swift; path = CarTableViewCell.swift; sourceTree = "<group>"; };
		836B591B1FF362E700511F0E /* FaveCars.app */ = {isa = PBXFileReference; explicitFileType = wrapper.application; includeInIndex = 0; path = FaveCars.app; sourceTree = BUILT_PRODUCTS_DIR; };
		836B591E1FF362E700511F0E /* AppDelegate.swift */ = {isa = PBXFileReference; lastKnownFileType = sourcecode.swift; path = AppDelegate.swift; sourceTree = "<group>"; };
		836B59231FF362E700511F0E /* Base */ = {isa = PBXFileReference; lastKnownFileType = file.storyboard; name = Base; path = Base.lproj/FaveCars.storyboard; sourceTree = "<group>"; };
		836B59251FF362E700511F0E /* Assets.xcassets */ = {isa = PBXFileReference; lastKnownFileType = folder.assetcatalog; path = Assets.xcassets; sourceTree = "<group>"; };
		836B59281FF362E700511F0E /* Base */ = {isa = PBXFileReference; lastKnownFileType = file.storyboard; name = Base; path = Base.lproj/LaunchScreen.storyboard; sourceTree = "<group>"; };
		836B592A1FF362E700511F0E /* Info.plist */ = {isa = PBXFileReference; lastKnownFileType = text.plist.xml; path = Info.plist; sourceTree = "<group>"; };
		836B59301FF36A9600511F0E /* CarTableViewController.swift */ = {isa = PBXFileReference; lastKnownFileType = sourcecode.swift; path = CarTableViewController.swift; sourceTree = "<group>"; };
		836B59321FF36CA500511F0E /* AddCarViewController.swift */ = {isa = PBXFileReference; lastKnownFileType = sourcecode.swift; path = AddCarViewController.swift; sourceTree = "<group>"; };
/* End PBXFileReference section */

/* Begin PBXFrameworksBuildPhase section */
		836B59181FF362E700511F0E /* Frameworks */ = {
			isa = PBXFrameworksBuildPhase;
			buildActionMask = 2147483647;
			files = (
			);
			runOnlyForDeploymentPostprocessing = 0;
		};
/* End PBXFrameworksBuildPhase section */

/* Begin PBXGroup section */
		836B59121FF362E700511F0E = {
			isa = PBXGroup;
			children = (
				836B591D1FF362E700511F0E /* FaveCars */,
				836B591C1FF362E700511F0E /* Products */,
			);
			sourceTree = "<group>";
		};
		836B591C1FF362E700511F0E /* Products */ = {
			isa = PBXGroup;
			children = (
				836B591B1FF362E700511F0E /* FaveCars.app */,
			);
			name = Products;
			sourceTree = "<group>";
		};
		836B591D1FF362E700511F0E /* FaveCars */ = {
			isa = PBXGroup;
			children = (
				836B591E1FF362E700511F0E /* AppDelegate.swift */,
				836B59221FF362E700511F0E /* FaveCars.storyboard */,
				836B59251FF362E700511F0E /* Assets.xcassets */,
				836B59271FF362E700511F0E /* LaunchScreen.storyboard */,
				836B592A1FF362E700511F0E /* Info.plist */,
				836B59301FF36A9600511F0E /* CarTableViewController.swift */,
				836B59321FF36CA500511F0E /* AddCarViewController.swift */,
				830506421FF4BC9A00228CAD /* CarTableViewCell.swift */,
			);
			path = FaveCars;
			sourceTree = "<group>";
		};
/* End PBXGroup section */

/* Begin PBXNativeTarget section */
		836B591A1FF362E700511F0E /* FaveCars */ = {
			isa = PBXNativeTarget;
			buildConfigurationList = 836B592D1FF362E700511F0E /* Build configuration list for PBXNativeTarget "FaveCars" */;
			buildPhases = (
				836B59171FF362E700511F0E /* Sources */,
				836B59181FF362E700511F0E /* Frameworks */,
				836B59191FF362E700511F0E /* Resources */,
			);
			buildRules = (
			);
			dependencies = (
			);
			name = FaveCars;
			productName = FaveCars;
			productReference = 836B591B1FF362E700511F0E /* FaveCars.app */;
			productType = "com.apple.product-type.application";
		};
/* End PBXNativeTarget section */

/* Begin PBXProject section */
		836B59131FF362E700511F0E /* Project object */ = {
			isa = PBXProject;
			attributes = {
				LastSwiftUpdateCheck = 0910;
				LastUpgradeCheck = 0910;
				ORGANIZATIONNAME = "Tech-IN";
				TargetAttributes = {
					836B591A1FF362E700511F0E = {
						CreatedOnToolsVersion = 9.1;
						ProvisioningStyle = Automatic;
					};
				};
			};
			buildConfigurationList = 836B59161FF362E700511F0E /* Build configuration list for PBXProject "FaveCars" */;
			compatibilityVersion = "Xcode 8.0";
			developmentRegion = en;
			hasScannedForEncodings = 0;
			knownRegions = (
				en,
				Base,
			);
			mainGroup = 836B59121FF362E700511F0E;
			productRefGroup = 836B591C1FF362E700511F0E /* Products */;
			projectDirPath = "";
			projectRoot = "";
			targets = (
				836B591A1FF362E700511F0E /* FaveCars */,
			);
		};
/* End PBXProject section */

/* Begin PBXResourcesBuildPhase section */
		836B59191FF362E700511F0E /* Resources */ = {
			isa = PBXResourcesBuildPhase;
			buildActionMask = 2147483647;
			files = (
				836B59291FF362E700511F0E /* LaunchScreen.storyboard in Resources */,
				836B59261FF362E700511F0E /* Assets.xcassets in Resources */,
				836B59241FF362E700511F0E /* FaveCars.storyboard in Resources */,
			);
			runOnlyForDeploymentPostprocessing = 0;
		};
/* End PBXResourcesBuildPhase section */

/* Begin PBXSourcesBuildPhase section */
		836B59171FF362E700511F0E /* Sources */ = {
			isa = PBXSourcesBuildPhase;
			buildActionMask = 2147483647;
			files = (
				836B59331FF36CA500511F0E /* AddCarViewController.swift in Sources */,
				836B59311FF36A9600511F0E /* CarTableViewController.swift in Sources */,
				830506431FF4BC9A00228CAD /* CarTableViewCell.swift in Sources */,
				836B591F1FF362E700511F0E /* AppDelegate.swift in Sources */,
			);
			runOnlyForDeploymentPostprocessing = 0;
		};
/* End PBXSourcesBuildPhase section */

/* Begin PBXVariantGroup section */
		836B59221FF362E700511F0E /* FaveCars.storyboard */ = {
			isa = PBXVariantGroup;
			children = (
				836B59231FF362E700511F0E /* Base */,
			);
			name = FaveCars.storyboard;
			sourceTree = "<group>";
		};
		836B59271FF362E700511F0E /* LaunchScreen.storyboard */ = {
			isa = PBXVariantGroup;
			children = (
				836B59281FF362E700511F0E /* Base */,
			);
			name = LaunchScreen.storyboard;
			sourceTree = "<group>";
		};
/* End PBXVariantGroup section */

/* Begin XCBuildConfiguration section */
		836B592B1FF362E700511F0E /* Debug */ = {
			isa = XCBuildConfiguration;
			buildSettings = {
				ALWAYS_SEARCH_USER_PATHS = NO;
				CLANG_ANALYZER_NONNULL = YES;
				CLANG_ANALYZER_NUMBER_OBJECT_CONVERSION = YES_AGGRESSIVE;
				CLANG_CXX_LANGUAGE_STANDARD = "gnu++14";
				CLANG_CXX_LIBRARY = "libc++";
				CLANG_ENABLE_MODULES = YES;
				CLANG_ENABLE_OBJC_ARC = YES;
				CLANG_WARN_BLOCK_CAPTURE_AUTORELEASING = YES;
				CLANG_WARN_BOOL_CONVERSION = YES;
				CLANG_WARN_COMMA = YES;
				CLANG_WARN_CONSTANT_CONVERSION = YES;
				CLANG_WARN_DIRECT_OBJC_ISA_USAGE = YES_ERROR;
				CLANG_WARN_DOCUMENTATION_COMMENTS = YES;
				CLANG_WARN_EMPTY_BODY = YES;
				CLANG_WARN_ENUM_CONVERSION = YES;
				CLANG_WARN_INFINITE_RECURSION = YES;
				CLANG_WARN_INT_CONVERSION = YES;
				CLANG_WARN_NON_LITERAL_NULL_CONVERSION = YES;
				CLANG_WARN_OBJC_LITERAL_CONVERSION = YES;
				CLANG_WARN_OBJC_ROOT_CLASS = YES_ERROR;
				CLANG_WARN_RANGE_LOOP_ANALYSIS = YES;
				CLANG_WARN_STRICT_PROTOTYPES = YES;
				CLANG_WARN_SUSPICIOUS_MOVE = YES;
				CLANG_WARN_UNGUARDED_AVAILABILITY = YES_AGGRESSIVE;
				CLANG_WARN_UNREACHABLE_CODE = YES;
				CLANG_WARN__DUPLICATE_METHOD_MATCH = YES;
				CODE_SIGN_IDENTITY = "iPhone Developer";
				COPY_PHASE_STRIP = NO;
				DEBUG_INFORMATION_FORMAT = dwarf;
				ENABLE_STRICT_OBJC_MSGSEND = YES;
				ENABLE_TESTABILITY = YES;
				GCC_C_LANGUAGE_STANDARD = gnu11;
				GCC_DYNAMIC_NO_PIC = NO;
				GCC_NO_COMMON_BLOCKS = YES;
				GCC_OPTIMIZATION_LEVEL = 0;
				GCC_PREPROCESSOR_DEFINITIONS = (
					"DEBUG=1",
					"$(inherited)",
				);
				GCC_WARN_64_TO_32_BIT_CONVERSION = YES;
				GCC_WARN_ABOUT_RETURN_TYPE = YES_ERROR;
				GCC_WARN_UNDECLARED_SELECTOR = YES;
				GCC_WARN_UNINITIALIZED_AUTOS = YES_AGGRESSIVE;
				GCC_WARN_UNUSED_FUNCTION = YES;
				GCC_WARN_UNUSED_VARIABLE = YES;
				IPHONEOS_DEPLOYMENT_TARGET = 11.1;
				MTL_ENABLE_DEBUG_INFO = YES;
				ONLY_ACTIVE_ARCH = YES;
				SDKROOT = iphoneos;
				SWIFT_ACTIVE_COMPILATION_CONDITIONS = DEBUG;
				SWIFT_OPTIMIZATION_LEVEL = "-Onone";
			};
			name = Debug;
		};
		836B592C1FF362E700511F0E /* Release */ = {
			isa = XCBuildConfiguration;
			buildSettings = {
				ALWAYS_SEARCH_USER_PATHS = NO;
				CLANG_ANALYZER_NONNULL = YES;
				CLANG_ANALYZER_NUMBER_OBJECT_CONVERSION = YES_AGGRESSIVE;
				CLANG_CXX_LANGUAGE_STANDARD = "gnu++14";
				CLANG_CXX_LIBRARY = "libc++";
				CLANG_ENABLE_MODULES = YES;
				CLANG_ENABLE_OBJC_ARC = YES;
				CLANG_WARN_BLOCK_CAPTURE_AUTORELEASING = YES;
				CLANG_WARN_BOOL_CONVERSION = YES;
				CLANG_WARN_COMMA = YES;
				CLANG_WARN_CONSTANT_CONVERSION = YES;
				CLANG_WARN_DIRECT_OBJC_ISA_USAGE = YES_ERROR;
				CLANG_WARN_DOCUMENTATION_COMMENTS = YES;
				CLANG_WARN_EMPTY_BODY = YES;
				CLANG_WARN_ENUM_CONVERSION = YES;
				CLANG_WARN_INFINITE_RECURSION = YES;
				CLANG_WARN_INT_CONVERSION = YES;
				CLANG_WARN_NON_LITERAL_NULL_CONVERSION = YES;
				CLANG_WARN_OBJC_LITERAL_CONVERSION = YES;
				CLANG_WARN_OBJC_ROOT_CLASS = YES_ERROR;
				CLANG_WARN_RANGE_LOOP_ANALYSIS = YES;
				CLANG_WARN_STRICT_PROTOTYPES = YES;
				CLANG_WARN_SUSPICIOUS_MOVE = YES;
				CLANG_WARN_UNGUARDED_AVAILABILITY = YES_AGGRESSIVE;
				CLANG_WARN_UNREACHABLE_CODE = YES;
				CLANG_WARN__DUPLICATE_METHOD_MATCH = YES;
				CODE_SIGN_IDENTITY = "iPhone Developer";
				COPY_PHASE_STRIP = NO;
				DEBUG_INFORMATION_FORMAT = "dwarf-with-dsym";
				ENABLE_NS_ASSERTIONS = NO;
				ENABLE_STRICT_OBJC_MSGSEND = YES;
				GCC_C_LANGUAGE_STANDARD = gnu11;
				GCC_NO_COMMON_BLOCKS = YES;
				GCC_WARN_64_TO_32_BIT_CONVERSION = YES;
				GCC_WARN_ABOUT_RETURN_TYPE = YES_ERROR;
				GCC_WARN_UNDECLARED_SELECTOR = YES;
				GCC_WARN_UNINITIALIZED_AUTOS = YES_AGGRESSIVE;
				GCC_WARN_UNUSED_FUNCTION = YES;
				GCC_WARN_UNUSED_VARIABLE = YES;
				IPHONEOS_DEPLOYMENT_TARGET = 11.1;
				MTL_ENABLE_DEBUG_INFO = NO;
				SDKROOT = iphoneos;
				SWIFT_OPTIMIZATION_LEVEL = "-Owholemodule";
				VALIDATE_PRODUCT = YES;
			};
			name = Release;
		};
		836B592E1FF362E700511F0E /* Debug */ = {
			isa = XCBuildConfiguration;
			buildSettings = {
				ASSETCATALOG_COMPILER_APPICON_NAME = AppIcon;
				CODE_SIGN_STYLE = Automatic;
				DEVELOPMENT_TEAM = 39YB79HE4S;
				INFOPLIST_FILE = FaveCars/Info.plist;
				LD_RUNPATH_SEARCH_PATHS = "$(inherited) @executable_path/Frameworks";
				PRODUCT_BUNDLE_IDENTIFIER = "co.tech-in.FaveCars";
				PRODUCT_NAME = "$(TARGET_NAME)";
				SWIFT_VERSION = 4.0;
				TARGETED_DEVICE_FAMILY = "1,2";
			};
			name = Debug;
		};
		836B592F1FF362E700511F0E /* Release */ = {
			isa = XCBuildConfiguration;
			buildSettings = {
				ASSETCATALOG_COMPILER_APPICON_NAME = AppIcon;
				CODE_SIGN_STYLE = Automatic;
				DEVELOPMENT_TEAM = 39YB79HE4S;
				INFOPLIST_FILE = FaveCars/Info.plist;
				LD_RUNPATH_SEARCH_PATHS = "$(inherited) @executable_path/Frameworks";
				PRODUCT_BUNDLE_IDENTIFIER = "co.tech-in.FaveCars";
				PRODUCT_NAME = "$(TARGET_NAME)";
				SWIFT_VERSION = 4.0;
				TARGETED_DEVICE_FAMILY = "1,2";
			};
			name = Release;
		};
/* End XCBuildConfiguration section */

/* Begin XCConfigurationList section */
		836B59161FF362E700511F0E /* Build configuration list for PBXProject "FaveCars" */ = {
			isa = XCConfigurationList;
			buildConfigurations = (
				836B592B1FF362E700511F0E /* Debug */,
				836B592C1FF362E700511F0E /* Release */,
			);
			defaultConfigurationIsVisible = 0;
			defaultConfigurationName = Release;
		};
		836B592D1FF362E700511F0E /* Build configuration list for PBXNativeTarget "FaveCars" */ = {
			isa = XCConfigurationList;
			buildConfigurations = (
				836B592E1FF362E700511F0E /* Debug */,
				836B592F1FF362E700511F0E /* Release */,
			);
			defaultConfigurationIsVisible = 0;
			defaultConfigurationName = Release;
		};
/* End XCConfigurationList section */
	};
	rootObject = 836B59131FF362E700511F0E /* Project object */;
}
